<?xml version="1.0" encoding="utf-8"?>
<Project ToolsVersion="4.0" xmlns="http://schemas.microsoft.com/developer/msbuild/2003">
  <ItemGroup>
    <Filter Include="源文件">
      <UniqueIdentifier>{4FC737F1-C7A5-4376-A066-2A32D752A2FF}</UniqueIdentifier>
      <Extensions>cpp;c;cc;cxx;def;odl;idl;hpj;bat;asm;asmx</Extensions>
    </Filter>
    <Filter Include="头文件">
      <UniqueIdentifier>{93995380-89BD-4b04-88EB-625FBE52EBFB}</UniqueIdentifier>
      <Extensions>h;hpp;hxx;hm;inl;inc;xsd</Extensions>
    </Filter>
    <Filter Include="资源文件">
      <UniqueIdentifier>{67DA6AB6-F800-4c08-8B7A-83BB121AAD01}</UniqueIdentifier>
      <Extensions>rc;ico;cur;bmp;dlg;rc2;rct;bin;rgs;gif;jpg;jpeg;jpe;resx;tiff;tif;png;wav;mfcribbon-ms</Extensions>
    </Filter>
    <Filter Include="ejecta">
      <UniqueIdentifier>{eda4d168-5d89-47ea-9f58-25cc45c02810}</UniqueIdentifier>
    </Filter>
    <Filter Include="ejecta\EJCanvas">
      <UniqueIdentifier>{d5fd34d7-452a-4b56-8b31-f769c0d833f9}</UniqueIdentifier>
    </Filter>
    <Filter Include="ejecta\EJCocoa">
      <UniqueIdentifier>{67592d3d-5ee2-477f-9208-c49dc27c0312}</UniqueIdentifier>
    </Filter>
    <Filter Include="ejecta\lodepng">
      <UniqueIdentifier>{8cdf7a5a-2dd4-48c1-87c5-825c5607cacf}</UniqueIdentifier>
    </Filter>
    <Filter Include="ejecta\EJCocoa\support">
      <UniqueIdentifier>{f183ef8c-94eb-432d-a998-f77701d6e0db}</UniqueIdentifier>
    </Filter>
    <Filter Include="ejecta\EJAudio">
      <UniqueIdentifier>{76f38057-6fd4-454f-83a5-9356303b0afe}</UniqueIdentifier>
    </Filter>
    <Filter Include="ejecta\EJUtils">
      <UniqueIdentifier>{5030f7d8-7f86-449f-a0b2-1ebbc5445fda}</UniqueIdentifier>
    </Filter>
    <Filter Include="ejecta\lodejpeg">
      <UniqueIdentifier>{9650e057-f786-4916-add2-99822507ede8}</UniqueIdentifier>
    </Filter>
    <Filter Include="ejecta\lodefreetype">
      <UniqueIdentifier>{d7bf0011-d9e8-4364-af98-25a439321c62}</UniqueIdentifier>
    </Filter>
  </ItemGroup>
  <ItemGroup>
    <None Include="ReadMe.txt" />
    <None Include="small.ico">
      <Filter>资源文件</Filter>
    </None>
    <None Include="Ejecta-X.ico">
      <Filter>资源文件</Filter>
    </None>
  </ItemGroup>
  <ItemGroup>
    <ClInclude Include="stdafx.h">
      <Filter>头文件</Filter>
    </ClInclude>
    <ClInclude Include="targetver.h">
      <Filter>头文件</Filter>
    </ClInclude>
    <ClInclude Include="Resource.h">
      <Filter>头文件</Filter>
    </ClInclude>
    <ClInclude Include="Ejecta-X.h">
      <Filter>头文件</Filter>
    </ClInclude>
    <ClInclude Include="..\..\..\sources\ejecta\EJCocoa\CGAffineTransform.h">
      <Filter>ejecta\EJCocoa</Filter>
    </ClInclude>
    <ClInclude Include="..\..\..\sources\ejecta\EJApp.h">
      <Filter>ejecta</Filter>
    </ClInclude>
    <ClInclude Include="..\..\..\sources\ejecta\EJBindingBase.h">
      <Filter>ejecta</Filter>
    </ClInclude>
    <ClInclude Include="..\..\..\sources\ejecta\EJCanvas\EJBindingCanvas.h">
      <Filter>ejecta\EJCanvas</Filter>
    </ClInclude>
    <ClInclude Include="..\..\..\sources\ejecta\EJBindingEjectaCore.h">
      <Filter>ejecta</Filter>
    </ClInclude>
    <ClInclude Include="..\..\..\sources\ejecta\EJBindingEventedBase.h">
      <Filter>ejecta</Filter>
    </ClInclude>
    <ClInclude Include="..\..\..\sources\ejecta\EJCanvas\EJBindingImage.h">
      <Filter>ejecta\EJCanvas</Filter>
    </ClInclude>
    <ClInclude Include="..\..\..\sources\ejecta\EJCanvas\EJBindingImageData.h">
      <Filter>ejecta\EJCanvas</Filter>
    </ClInclude>
    <ClInclude Include="..\..\..\sources\ejecta\EJCanvas\EJCanvasContext.h">
      <Filter>ejecta\EJCanvas</Filter>
    </ClInclude>
    <ClInclude Include="..\..\..\sources\ejecta\EJCanvas\EJCanvasContextTexture.h">
      <Filter>ejecta\EJCanvas</Filter>
    </ClInclude>
    <ClInclude Include="..\..\..\sources\ejecta\EJCanvas\EJCanvasContextScreen.h">
      <Filter>ejecta\EJCanvas</Filter>
    </ClInclude>
    <ClInclude Include="..\..\..\sources\ejecta\EJCanvas\EJCanvasTypes.h">
      <Filter>ejecta\EJCanvas</Filter>
    </ClInclude>
    <ClInclude Include="..\..\..\sources\ejecta\EJConvert.h">
      <Filter>ejecta</Filter>
    </ClInclude>
    <ClInclude Include="..\..\..\sources\ejecta\EJCanvas\EJImageData.h">
      <Filter>ejecta\EJCanvas</Filter>
    </ClInclude>
    <ClInclude Include="..\..\..\sources\ejecta\EJCanvas\EJPath.h">
      <Filter>ejecta\EJCanvas</Filter>
    </ClInclude>
    <ClInclude Include="..\..\..\sources\ejecta\EJCanvas\EJTexture.h">
      <Filter>ejecta\EJCanvas</Filter>
    </ClInclude>
    <ClInclude Include="..\..\..\sources\ejecta\EJTimer.h">
      <Filter>ejecta</Filter>
    </ClInclude>
    <ClInclude Include="..\..\..\sources\ejecta\lodepng\lodepng.h">
      <Filter>ejecta\lodepng</Filter>
    </ClInclude>
    <ClInclude Include="..\..\..\sources\ejecta\EJCocoa\NSAutoreleasePool.h">
      <Filter>ejecta\EJCocoa</Filter>
    </ClInclude>
    <ClInclude Include="..\..\..\sources\ejecta\EJCocoa\NSArray.h">
      <Filter>ejecta\EJCocoa</Filter>
    </ClInclude>
    <ClInclude Include="..\..\..\sources\ejecta\EJCocoa\support\nsConfig.h">
      <Filter>ejecta\EJCocoa\support</Filter>
    </ClInclude>
    <ClInclude Include="..\..\..\sources\ejecta\EJCocoa\support\nsCArray.h">
      <Filter>ejecta\EJCocoa\support</Filter>
    </ClInclude>
    <ClInclude Include="..\..\..\sources\ejecta\EJCocoa\NSDictionary.h">
      <Filter>ejecta\EJCocoa</Filter>
    </ClInclude>
    <ClInclude Include="..\..\..\sources\ejecta\EJCocoa\NSGeometry.h">
      <Filter>ejecta\EJCocoa</Filter>
    </ClInclude>
    <ClInclude Include="..\..\..\sources\ejecta\EJCocoa\support\NSEventType.h">
      <Filter>ejecta\EJCocoa\support</Filter>
    </ClInclude>
    <ClInclude Include="..\..\..\sources\ejecta\EJCocoa\NSInteger.h">
      <Filter>ejecta\EJCocoa</Filter>
    </ClInclude>
    <ClInclude Include="..\..\..\sources\ejecta\EJCocoa\NSObject.h">
      <Filter>ejecta\EJCocoa</Filter>
    </ClInclude>
    <ClInclude Include="..\..\..\sources\ejecta\EJCocoa\NSNS.h">
      <Filter>ejecta\EJCocoa</Filter>
    </ClInclude>
    <ClInclude Include="..\..\..\sources\ejecta\EJCocoa\support\nsMacros.h">
      <Filter>ejecta\EJCocoa\support</Filter>
    </ClInclude>
    <ClInclude Include="..\..\..\sources\ejecta\EJCocoa\NSObjectFactory.h">
      <Filter>ejecta\EJCocoa</Filter>
    </ClInclude>
    <ClInclude Include="..\..\..\sources\ejecta\EJCocoa\support\NSPlatformConfig.h">
      <Filter>ejecta\EJCocoa\support</Filter>
    </ClInclude>
    <ClInclude Include="..\..\..\sources\ejecta\EJCocoa\support\NSPlatformDefine.h">
      <Filter>ejecta\EJCocoa\support</Filter>
    </ClInclude>
    <ClInclude Include="..\..\..\sources\ejecta\EJCocoa\support\NSPlatformMacros.h">
      <Filter>ejecta\EJCocoa\support</Filter>
    </ClInclude>
    <ClInclude Include="..\..\..\sources\ejecta\EJCocoa\NSString.h">
      <Filter>ejecta\EJCocoa</Filter>
    </ClInclude>
    <ClInclude Include="..\..\..\sources\ejecta\EJCocoa\NSValue.h">
      <Filter>ejecta\EJCocoa</Filter>
    </ClInclude>
    <ClInclude Include="..\..\..\sources\ejecta\EJCocoa\NSSet.h">
      <Filter>ejecta\EJCocoa</Filter>
    </ClInclude>
    <ClInclude Include="..\..\..\sources\ejecta\EJCocoa\NSZone.h">
      <Filter>ejecta\EJCocoa</Filter>
    </ClInclude>
    <ClInclude Include="..\..\..\sources\ejecta\EJCocoa\support\uthash.h">
      <Filter>ejecta\EJCocoa\support</Filter>
    </ClInclude>
    <ClInclude Include="..\..\..\sources\ejecta\EJCocoa\support\utlist.h">
      <Filter>ejecta\EJCocoa\support</Filter>
    </ClInclude>
    <ClInclude Include="..\..\..\sources\ejecta\EJAudio\EJBindingAudio.h">
      <Filter>ejecta\EJAudio</Filter>
    </ClInclude>
    <ClInclude Include="..\..\..\sources\ejecta\EJUtils\EJBindingLocalStorage.h">
      <Filter>ejecta\EJUtils</Filter>
    </ClInclude>
    <ClInclude Include="..\..\..\sources\ejecta\lodejpeg\lodejpeg.h">
      <Filter>ejecta\lodejpeg</Filter>
    </ClInclude>
    <ClInclude Include="..\..\..\sources\ejecta\EJCanvas\EJFont.h">
      <Filter>ejecta\EJCanvas</Filter>
    </ClInclude>
    <ClInclude Include="..\..\..\sources\ejecta\lodefreetype\lodefreetype.h">
      <Filter>ejecta\lodefreetype</Filter>
    </ClInclude>
    <ClInclude Include="..\..\..\sources\ejecta\EJCocoa\NSCache.h">
      <Filter>ejecta\EJCocoa</Filter>
    </ClInclude>
    <ClInclude Include="..\..\..\sources\ejecta\EJCocoa\UIFont.h">
      <Filter>ejecta\EJCocoa</Filter>
    </ClInclude>
    <ClInclude Include="..\..\..\sources\ejecta\EJUtils\EJBindingHttpRequest.h">
      <Filter>ejecta\EJUtils</Filter>
    </ClInclude>
    <ClInclude Include="..\..\..\sources\ejecta\EJUtils\EJBindingTouchInput.h">
      <Filter>ejecta\EJUtils</Filter>
    </ClInclude>
  </ItemGroup>
  <ItemGroup>
    <ClCompile Include="stdafx.cpp">
      <Filter>源文件</Filter>
    </ClCompile>
    <ClCompile Include="Ejecta-X.cpp">
      <Filter>源文件</Filter>
    </ClCompile>
    <ClCompile Include="..\..\..\sources\ejecta\EJCocoa\CGAffineTransform.cpp">
      <Filter>ejecta\EJCocoa</Filter>
    </ClCompile>
    <ClCompile Include="..\..\..\sources\ejecta\EJBindingBase.cpp">
      <Filter>ejecta</Filter>
    </ClCompile>
    <ClCompile Include="..\..\..\sources\ejecta\EJBindingEjectaCore.cpp">
      <Filter>ejecta</Filter>
    </ClCompile>
    <ClCompile Include="..\..\..\sources\ejecta\EJBindingEventedBase.cpp">
      <Filter>ejecta</Filter>
    </ClCompile>
    <ClCompile Include="..\..\..\sources\ejecta\EJCanvas\EJBindingCanvas.cpp">
      <Filter>ejecta\EJCanvas</Filter>
    </ClCompile>
    <ClCompile Include="..\..\..\sources\ejecta\EJCanvas\EJBindingImage.cpp">
      <Filter>ejecta\EJCanvas</Filter>
    </ClCompile>
    <ClCompile Include="..\..\..\sources\ejecta\EJCanvas\EJBindingImageData.cpp">
      <Filter>ejecta\EJCanvas</Filter>
    </ClCompile>
    <ClCompile Include="..\..\..\sources\ejecta\EJCanvas\EJCanvasContext.cpp">
      <Filter>ejecta\EJCanvas</Filter>
    </ClCompile>
    <ClCompile Include="..\..\..\sources\ejecta\EJCanvas\EJCanvasContextScreen.cpp">
      <Filter>ejecta\EJCanvas</Filter>
    </ClCompile>
    <ClCompile Include="..\..\..\sources\ejecta\EJCanvas\EJCanvasContextTexture.cpp">
      <Filter>ejecta\EJCanvas</Filter>
    </ClCompile>
    <ClCompile Include="..\..\..\sources\ejecta\EJConvert.cpp">
      <Filter>ejecta</Filter>
    </ClCompile>
    <ClCompile Include="..\..\..\sources\ejecta\EJCanvas\EJImageData.cpp">
      <Filter>ejecta\EJCanvas</Filter>
    </ClCompile>
    <ClCompile Include="..\..\..\sources\ejecta\EJCanvas\EJPath.cpp">
      <Filter>ejecta\EJCanvas</Filter>
    </ClCompile>
    <ClCompile Include="..\..\..\sources\ejecta\EJCanvas\EJTexture.cpp">
      <Filter>ejecta\EJCanvas</Filter>
    </ClCompile>
    <ClCompile Include="..\..\..\sources\ejecta\EJTimer.cpp">
      <Filter>ejecta</Filter>
    </ClCompile>
    <ClCompile Include="..\..\..\sources\ejecta\lodepng\lodepng.cpp">
      <Filter>ejecta\lodepng</Filter>
    </ClCompile>
    <ClCompile Include="..\..\..\sources\ejecta\EJCocoa\NSArray.cpp">
      <Filter>ejecta\EJCocoa</Filter>
    </ClCompile>
    <ClCompile Include="..\..\..\sources\ejecta\EJCocoa\NSZone.cpp">
      <Filter>ejecta\EJCocoa</Filter>
    </ClCompile>
    <ClCompile Include="..\..\..\sources\ejecta\EJCocoa\NSAutoreleasePool.cpp">
      <Filter>ejecta\EJCocoa</Filter>
    </ClCompile>
    <ClCompile Include="..\..\..\sources\ejecta\EJCocoa\NSDictionary.cpp">
      <Filter>ejecta\EJCocoa</Filter>
    </ClCompile>
    <ClCompile Include="..\..\..\sources\ejecta\EJCocoa\NSGeometry.cpp">
      <Filter>ejecta\EJCocoa</Filter>
    </ClCompile>
    <ClCompile Include="..\..\..\sources\ejecta\EJCocoa\NSNS.cpp">
      <Filter>ejecta\EJCocoa</Filter>
    </ClCompile>
    <ClCompile Include="..\..\..\sources\ejecta\EJCocoa\NSObject.cpp">
      <Filter>ejecta\EJCocoa</Filter>
    </ClCompile>
    <ClCompile Include="..\..\..\sources\ejecta\EJCocoa\NSObjectFactory.cpp">
      <Filter>ejecta\EJCocoa</Filter>
    </ClCompile>
    <ClCompile Include="..\..\..\sources\ejecta\EJCocoa\NSSet.cpp">
      <Filter>ejecta\EJCocoa</Filter>
    </ClCompile>
    <ClCompile Include="..\..\..\sources\ejecta\EJCocoa\NSString.cpp">
      <Filter>ejecta\EJCocoa</Filter>
    </ClCompile>
    <ClCompile Include="..\..\..\sources\ejecta\EJCocoa\NSValue.cpp">
      <Filter>ejecta\EJCocoa</Filter>
    </ClCompile>
    <ClCompile Include="..\..\..\sources\ejecta\EJCocoa\support\nsCArray.cpp">
      <Filter>ejecta\EJCocoa\support</Filter>
    </ClCompile>
    <ClCompile Include="..\..\..\sources\ejecta\EJApp.cpp">
      <Filter>ejecta</Filter>
    </ClCompile>
    <ClCompile Include="..\..\..\sources\ejecta\EJAudio\EJBindingAudio.cpp">
      <Filter>ejecta\EJAudio</Filter>
    </ClCompile>
    <ClCompile Include="..\..\..\sources\ejecta\EJUtils\EJBindingLocalStorage.cpp">
      <Filter>ejecta\EJUtils</Filter>
    </ClCompile>
    <ClCompile Include="..\..\..\sources\ejecta\lodejpeg\lodejpeg.cpp">
      <Filter>ejecta\lodejpeg</Filter>
    </ClCompile>
    <ClCompile Include="..\..\..\sources\ejecta\EJCanvas\EJFont.cpp">
      <Filter>ejecta\EJCanvas</Filter>
    </ClCompile>
    <ClCompile Include="..\..\..\sources\ejecta\lodefreetype\lodefreetype.cpp">
      <Filter>ejecta\lodefreetype</Filter>
    </ClCompile>
    <ClCompile Include="..\..\..\sources\ejecta\EJCocoa\NSCache.cpp">
      <Filter>ejecta\EJCocoa</Filter>
    </ClCompile>
    <ClCompile Include="..\..\..\sources\ejecta\EJUtils\EJBindingHttpRequest.cpp">
      <Filter>ejecta\EJUtils</Filter>
    </ClCompile>
    <ClCompile Include="..\..\..\sources\ejecta\EJUtils\EJBindingTouchInput.cpp">
      <Filter>ejecta\EJUtils</Filter>
    </ClCompile>
  </ItemGroup>
  <ItemGroup>
    <ResourceCompile Include="Ejecta-X.rc">
      <Filter>资源文件</Filter>
    </ResourceCompile>
  </ItemGroup>
</Project>