<?xml version="1.0" encoding="utf-8"?>
<Project ToolsVersion="4.0" xmlns="http://schemas.microsoft.com/developer/msbuild/2003">
  <ItemGroup>
    <ClCompile Include="..\..\..\sources\ejecta\EJCocoa\CGAffineTransform.cpp">
      <Filter>ejecta\EJCocoa</Filter>
    </ClCompile>
    <ClCompile Include="..\..\..\sources\ejecta\lodefreetype\lodefreetype.cpp">
      <Filter>ejecta\EJUtils\support</Filter>
    </ClCompile>
    <ClCompile Include="..\..\..\sources\ejecta\lodejpeg\lodejpeg.cpp">
      <Filter>ejecta\EJUtils\support</Filter>
    </ClCompile>
    <ClCompile Include="..\..\..\sources\ejecta\lodepng\lodepng.cpp">
      <Filter>ejecta\EJUtils\support</Filter>
    </ClCompile>
    <ClCompile Include="..\..\..\sources\ejecta\EJCocoa\NSArray.cpp">
      <Filter>ejecta\EJCocoa</Filter>
    </ClCompile>
    <ClCompile Include="..\..\..\sources\ejecta\EJCocoa\NSAutoreleasePool.cpp">
      <Filter>ejecta\EJCocoa</Filter>
    </ClCompile>
    <ClCompile Include="..\..\..\sources\ejecta\EJCocoa\NSCache.cpp">
      <Filter>ejecta\EJCocoa</Filter>
    </ClCompile>
    <ClCompile Include="..\..\..\sources\ejecta\EJCocoa\support\nsCArray.cpp">
      <Filter>ejecta\EJCocoa\support</Filter>
    </ClCompile>
    <ClCompile Include="..\..\..\sources\ejecta\EJCocoa\NSDictionary.cpp">
      <Filter>ejecta\EJCocoa</Filter>
    </ClCompile>
    <ClCompile Include="..\..\..\sources\ejecta\EJCocoa\NSGeometry.cpp">
      <Filter>ejecta\EJCocoa</Filter>
    </ClCompile>
    <ClCompile Include="..\..\..\sources\ejecta\EJCocoa\NSNS.cpp">
      <Filter>ejecta\EJCocoa</Filter>
    </ClCompile>
    <ClCompile Include="..\..\..\sources\ejecta\EJCocoa\NSObject.cpp">
      <Filter>ejecta\EJCocoa</Filter>
    </ClCompile>
    <ClCompile Include="..\..\..\sources\ejecta\EJCocoa\NSObjectFactory.cpp">
      <Filter>ejecta\EJCocoa</Filter>
    </ClCompile>
    <ClCompile Include="..\..\..\sources\ejecta\EJCocoa\NSSet.cpp">
      <Filter>ejecta\EJCocoa</Filter>
    </ClCompile>
    <ClCompile Include="..\..\..\sources\ejecta\EJCocoa\NSString.cpp">
      <Filter>ejecta\EJCocoa</Filter>
    </ClCompile>
    <ClCompile Include="..\..\..\sources\ejecta\EJCocoa\NSValue.cpp">
      <Filter>ejecta\EJCocoa</Filter>
    </ClCompile>
    <ClCompile Include="..\..\..\sources\ejecta\EJCocoa\NSZone.cpp">
      <Filter>ejecta\EJCocoa</Filter>
    </ClCompile>
    <ClCompile Include="..\..\..\sources\ejecta\EJAppViewController.cpp">
      <Filter>ejecta</Filter>
    </ClCompile>
    <ClCompile Include="..\..\..\sources\ejecta\EJClassLoader.cpp">
      <Filter>ejecta</Filter>
    </ClCompile>
    <ClCompile Include="..\..\..\sources\ejecta\EJConvert.cpp">
      <Filter>ejecta</Filter>
    </ClCompile>
    <ClCompile Include="..\..\..\sources\ejecta\EJJavaScriptView.cpp">
      <Filter>ejecta</Filter>
    </ClCompile>
    <ClCompile Include="..\..\..\sources\ejecta\EJTimer.cpp">
      <Filter>ejecta</Filter>
    </ClCompile>
    <ClCompile Include="Ejecta-X.cpp">
      <Filter>WinSupport</Filter>
    </ClCompile>
    <ClCompile Include="stdafx.cpp">
      <Filter>WinSupport</Filter>
    </ClCompile>
    <ClCompile Include="..\..\..\sources\ejecta\EJSharedOpenGLContext.cpp">
      <Filter>ejecta</Filter>
    </ClCompile>
    <ClCompile Include="..\..\..\sources\ejecta\EJAudio\EJSharedOpenALManager.cpp">
      <Filter>ejecta\EJAudio</Filter>
    </ClCompile>
    <ClCompile Include="..\..\..\sources\ejecta\EJCanvas\EJSharedTextureCache.cpp">
      <Filter>ejecta\EJCanvas</Filter>
    </ClCompile>
    <ClCompile Include="..\..\..\sources\ejecta\EJBindingBase.cpp">
      <Filter>ejecta</Filter>
    </ClCompile>
    <ClCompile Include="..\..\..\sources\ejecta\EJCanvas\EJCanvasContext.cpp">
      <Filter>ejecta\EJCanvas</Filter>
    </ClCompile>
  </ItemGroup>
  <ItemGroup>
    <ClInclude Include="..\..\..\sources\ejecta\EJCocoa\CGAffineTransform.h">
      <Filter>ejecta\EJCocoa</Filter>
    </ClInclude>
    <ClInclude Include="..\..\..\sources\ejecta\lodepng\lodepng.h">
      <Filter>ejecta\EJUtils\support</Filter>
    </ClInclude>
    <ClInclude Include="..\..\..\sources\ejecta\lodefreetype\lodefreetype.h">
      <Filter>ejecta\EJUtils\support</Filter>
    </ClInclude>
    <ClInclude Include="..\..\..\sources\ejecta\lodejpeg\lodejpeg.h">
      <Filter>ejecta\EJUtils\support</Filter>
    </ClInclude>
    <ClInclude Include="..\..\..\sources\ejecta\EJCocoa\NSCache.h">
      <Filter>ejecta\EJCocoa</Filter>
    </ClInclude>
    <ClInclude Include="..\..\..\sources\ejecta\EJCocoa\NSArray.h">
      <Filter>ejecta\EJCocoa</Filter>
    </ClInclude>
    <ClInclude Include="..\..\..\sources\ejecta\EJCocoa\NSAutoreleasePool.h">
      <Filter>ejecta\EJCocoa</Filter>
    </ClInclude>
    <ClInclude Include="..\..\..\sources\ejecta\EJCocoa\support\nsConfig.h">
      <Filter>ejecta\EJCocoa\support</Filter>
    </ClInclude>
    <ClInclude Include="..\..\..\sources\ejecta\EJCocoa\support\nsCArray.h">
      <Filter>ejecta\EJCocoa\support</Filter>
    </ClInclude>
    <ClInclude Include="..\..\..\sources\ejecta\EJCocoa\NSZone.h">
      <Filter>ejecta\EJCocoa</Filter>
    </ClInclude>
    <ClInclude Include="..\..\..\sources\ejecta\EJCocoa\NSDictionary.h">
      <Filter>ejecta\EJCocoa</Filter>
    </ClInclude>
    <ClInclude Include="..\..\..\sources\ejecta\EJCocoa\support\NSEventType.h">
      <Filter>ejecta\EJCocoa</Filter>
    </ClInclude>
    <ClInclude Include="..\..\..\sources\ejecta\EJCocoa\NSGeometry.h">
      <Filter>ejecta\EJCocoa</Filter>
    </ClInclude>
    <ClInclude Include="..\..\..\sources\ejecta\EJCocoa\NSInteger.h">
      <Filter>ejecta\EJCocoa</Filter>
    </ClInclude>
    <ClInclude Include="..\..\..\sources\ejecta\EJCocoa\support\nsMacros.h">
      <Filter>ejecta\EJCocoa</Filter>
    </ClInclude>
    <ClInclude Include="..\..\..\sources\ejecta\EJCocoa\NSNS.h">
      <Filter>ejecta\EJCocoa</Filter>
    </ClInclude>
    <ClInclude Include="..\..\..\sources\ejecta\EJCocoa\NSObject.h">
      <Filter>ejecta\EJCocoa</Filter>
    </ClInclude>
    <ClInclude Include="..\..\..\sources\ejecta\EJCocoa\NSObjectFactory.h">
      <Filter>ejecta\EJCocoa</Filter>
    </ClInclude>
    <ClInclude Include="..\..\..\sources\ejecta\EJCocoa\support\NSPlatformConfig.h">
      <Filter>ejecta\EJCocoa</Filter>
    </ClInclude>
    <ClInclude Include="..\..\..\sources\ejecta\EJCocoa\support\NSPlatformDefine.h">
      <Filter>ejecta\EJCocoa</Filter>
    </ClInclude>
    <ClInclude Include="..\..\..\sources\ejecta\EJCocoa\support\NSPlatformMacros.h">
      <Filter>ejecta\EJCocoa</Filter>
    </ClInclude>
    <ClInclude Include="..\..\..\sources\ejecta\EJCocoa\NSSet.h">
      <Filter>ejecta\EJCocoa</Filter>
    </ClInclude>
    <ClInclude Include="..\..\..\sources\ejecta\EJCocoa\NSString.h">
      <Filter>ejecta\EJCocoa</Filter>
    </ClInclude>
    <ClInclude Include="..\..\..\sources\ejecta\EJCocoa\NSValue.h">
      <Filter>ejecta\EJCocoa</Filter>
    </ClInclude>
    <ClInclude Include="..\..\..\sources\ejecta\EJCocoa\UIFont.h">
      <Filter>ejecta\EJCocoa</Filter>
    </ClInclude>
    <ClInclude Include="..\..\..\sources\ejecta\EJCocoa\support\uthash.h">
      <Filter>ejecta\EJCocoa\support</Filter>
    </ClInclude>
    <ClInclude Include="..\..\..\sources\ejecta\EJCocoa\support\utlist.h">
      <Filter>ejecta\EJCocoa\support</Filter>
    </ClInclude>
    <ClInclude Include="..\..\..\sources\ejecta\EJConvert.h">
      <Filter>ejecta</Filter>
    </ClInclude>
    <ClInclude Include="..\..\..\sources\ejecta\EJAppViewController.h">
      <Filter>ejecta</Filter>
    </ClInclude>
    <ClInclude Include="..\..\..\sources\ejecta\EJClassLoader.h">
      <Filter>ejecta</Filter>
    </ClInclude>
    <ClInclude Include="..\..\..\sources\ejecta\EJTimer.h">
      <Filter>ejecta</Filter>
    </ClInclude>
    <ClInclude Include="..\..\..\sources\ejecta\EJJavaScriptView.h">
      <Filter>ejecta</Filter>
    </ClInclude>
    <ClInclude Include="targetver.h">
      <Filter>WinSupport</Filter>
    </ClInclude>
    <ClInclude Include="Ejecta-X.h">
      <Filter>WinSupport</Filter>
    </ClInclude>
    <ClInclude Include="Resource.h">
      <Filter>WinSupport</Filter>
    </ClInclude>
    <ClInclude Include="stdafx.h">
      <Filter>WinSupport</Filter>
    </ClInclude>
    <ClInclude Include="..\..\..\sources\ejecta\EJSharedOpenGLContext.h">
      <Filter>ejecta</Filter>
    </ClInclude>
    <ClInclude Include="..\..\..\sources\ejecta\EJAudio\EJSharedOpenALManager.h">
      <Filter>ejecta\EJAudio</Filter>
    </ClInclude>
    <ClInclude Include="..\..\..\sources\ejecta\EJCanvas\EJSharedTextureCache.h">
      <Filter>ejecta\EJCanvas</Filter>
    </ClInclude>
    <ClInclude Include="..\..\..\sources\ejecta\EJBindingBase.h">
      <Filter>ejecta</Filter>
    </ClInclude>
    <ClInclude Include="..\..\..\sources\ejecta\EJCanvas\EJCanvasContext.h">
      <Filter>ejecta\EJCanvas</Filter>
    </ClInclude>
  </ItemGroup>
  <ItemGroup>
    <None Include="ReadMe.txt" />
    <None Include="Ejecta-X.ico">
      <Filter>Resources</Filter>
    </None>
    <None Include="small.ico">
      <Filter>Resources</Filter>
    </None>
  </ItemGroup>
  <ItemGroup>
    <Filter Include="ejecta">
      <UniqueIdentifier>{fe01d1a0-6274-4c09-bd67-1724d5834f93}</UniqueIdentifier>
    </Filter>
    <Filter Include="ejecta\EJUtils">
      <UniqueIdentifier>{28a986a4-d0a1-464e-afa6-11071dc02fa9}</UniqueIdentifier>
    </Filter>
    <Filter Include="ejecta\EJUtils\support">
      <UniqueIdentifier>{d8c7df53-636a-4e5a-959e-4f15c406913e}</UniqueIdentifier>
    </Filter>
    <Filter Include="ejecta\EJAudio">
      <UniqueIdentifier>{9326c800-5d92-42e1-beb2-8290ad31f31e}</UniqueIdentifier>
    </Filter>
    <Filter Include="ejecta\EJCanvas">
      <UniqueIdentifier>{3c50d120-7b07-458e-93dc-80d50cf1a2d2}</UniqueIdentifier>
    </Filter>
    <Filter Include="ejecta\EJCanvas\2D">
      <UniqueIdentifier>{4eeb851d-c8e5-434a-ab56-71ffd083da5f}</UniqueIdentifier>
    </Filter>
    <Filter Include="ejecta\EJCanvas\2D\Shaders">
      <UniqueIdentifier>{8ddcf6ef-5195-456b-8354-3ef9ab2acfd5}</UniqueIdentifier>
    </Filter>
    <Filter Include="ejecta\EJCanvas\WebGL">
      <UniqueIdentifier>{f74987ae-31b8-4437-a4ab-6a43af0b4583}</UniqueIdentifier>
    </Filter>
    <Filter Include="ejecta\EJCocoa">
      <UniqueIdentifier>{0e5a0e85-1e29-4938-96cb-9aca4faf32fd}</UniqueIdentifier>
    </Filter>
    <Filter Include="ejecta\EJCocoa\support">
      <UniqueIdentifier>{563e6948-5c0c-48e7-b04b-c1684ee0c4af}</UniqueIdentifier>
    </Filter>
    <Filter Include="Resources">
      <UniqueIdentifier>{3caa39a9-e0d0-48ec-b557-1c52533fa162}</UniqueIdentifier>
    </Filter>
    <Filter Include="WinSupport">
      <UniqueIdentifier>{483a3efa-f38d-4759-bec4-8ac204d566ba}</UniqueIdentifier>
    </Filter>
  </ItemGroup>
  <ItemGroup>
    <ResourceCompile Include="Ejecta-X.rc">
      <Filter>Resources</Filter>
    </ResourceCompile>
  </ItemGroup>
</Project>